PODS:
  - Alamofire (4.9.1)
  - FeeRelayerSwift (1.0.0):
    - RxAlamofire
    - RxSwift
  - RxAlamofire (5.1.0):
    - RxAlamofire/Core (= 5.1.0)
  - RxAlamofire/Core (5.1.0):
    - Alamofire (~> 4.8)
    - RxSwift (~> 5.0)
  - RxBlocking (5.1.1):
    - RxSwift (~> 5)
  - RxSwift (5.1.2)

DEPENDENCIES:
  - FeeRelayerSwift (from `../`)
  - RxBlocking

SPEC REPOS:
  trunk:
    - Alamofire
    - RxAlamofire
    - RxBlocking
    - RxSwift

EXTERNAL SOURCES:
  FeeRelayerSwift:
    :path: "../"

SPEC CHECKSUMS:
  Alamofire: 85e8a02c69d6020a0d734f6054870d7ecb75cf18
  FeeRelayerSwift: 0c3d322a5d914c43bc6ab3fd9d15b04bc2c3080b
  RxAlamofire: a2d7621de4c23a0c6e7b476b504acc32838ee341
  RxBlocking: 5f700a78cad61ce253ebd37c9a39b5ccc76477b4
  RxSwift: 1e2e1f9570186967f617e49128ed26ccf1bafc8e

PODFILE CHECKSUM: a39f5ed42adeb3489d147c6cd620652d46fba806

COCOAPODS: 1.11.2
