{
  "object": {
    "pins": [
      {
        "package": "LoggerSwift",
        "repositoryURL": "https://github.com/bigearsenal/loggerswift.git",
        "state": {
          "branch": null,
          "revision": "779dbd11a9a2fea3c82943f69a30ca75f4596fc8",
          "version": "1.0.2"
        }
      },
      {
        "package": "OrcaSwapSwift",
        "repositoryURL": "https://github.com/p2p-org/OrcaSwapSwift.git",
        "state": {
          "branch": "refactor/ui-imlementation",
          "revision": "7571ed1d304b0a21ed920f46f99c5c3683dcc431",
          "version": null
        }
      },
      {
        "package": "secp256k1",
        "repositoryURL": "https://github.com/Boilertalk/secp256k1.swift.git",
        "state": {
          "branch": null,
          "revision": "823281fe9def21b384099b72a9a53ca988317b20",
          "version": "0.1.4"
        }
      },
      {
        "package": "SolanaSwift",
        "repositoryURL": "https://github.com/p2p-org/solana-swift.git",
        "state": {
          "branch": "refactor/pwn-3297",
          "revision": "2420bd469244a612d13147f795835a19cb7e6724",
          "version": null
        }
      },
      {
        "package": "Task_retrying",
        "repositoryURL": "https://github.com/bigearsenal/task-retrying-swift.git",
        "state": {
          "branch": null,
          "revision": "c93fef795874cf31b7b0f8f6e9c23f4f15188dec",
          "version": "1.0.2"
        }
      },
      {
        "package": "TweetNacl",
        "repositoryURL": "https://github.com/bitmark-inc/tweetnacl-swiftwrap.git",
        "state": {
          "branch": null,
          "revision": "d1552db4d907f2c5cb3d1bf1336496b2e16c8ecf",
          "version": "1.0.2"
        }
      }
    ]
  },
  "version": 1
}
